
Microsoft Visual Studio Solution File, Format Version 12.00
# Visual Studio Version 16
VisualStudioVersion = 16.0.32413.511
MinimumVisualStudioVersion = 10.0.40219.1
Project("{9A19103F-16F7-4668-BE54-9A1E7A4F7556}") = "TestePraticoQualyTeam", "TestePraticoQualyTeam\TestePraticoQualyTeam.csproj", "{FB61F6FF-5BCC-4F80-B03E-2548EC700356}"
EndProject
Global
	GlobalSection(SolutionConfigurationPlatforms) = preSolution
		Debug|Any CPU = Debug|Any CPU
		Release|Any CPU = Release|Any CPU
	EndGlobalSection
	GlobalSection(ProjectConfigurationPlatforms) = postSolution
		{FB61F6FF-5BCC-4F80-B03E-2548EC700356}.Debug|Any CPU.ActiveCfg = Debug|Any CPU
		{FB61F6FF-5BCC-4F80-B03E-2548EC700356}.Debug|Any CPU.Build.0 = Debug|Any CPU
		{FB61F6FF-5BCC-4F80-B03E-2548EC700356}.Release|Any CPU.ActiveCfg = Release|Any CPU
		{FB61F6FF-5BCC-4F80-B03E-2548EC700356}.Release|Any CPU.Build.0 = Release|Any CPU
	EndGlobalSection
	GlobalSection(SolutionProperties) = preSolution
		HideSolutionNode = FALSE
	EndGlobalSection
	GlobalSection(ExtensibilityGlobals) = postSolution
		SolutionGuid = {03CFD5AD-99DD-4BB2-BECD-AB3D3C2D092A}
	EndGlobalSection
EndGlobal
